
Microsoft Visual Studio Solution File, Format Version 12.00
# Visual Studio 15
VisualStudioVersion = 15.0.28010.2019
MinimumVisualStudioVersion = 10.0.40219.1
Project("{9A19103F-16F7-4668-BE54-9A1E7A4F7556}") = "Starting", "Starting\Starting.csproj", "{DDD57013-3F34-4488-B62B-A3CA9347DDFA}"
EndProject
Project("{FAE04EC0-301F-11D3-BF4B-00C04F79EFBC}") = "BasicMathsTest", "BasicMathsTest\BasicMathsTest.csproj", "{A455C3F9-5DD9-4629-A44F-A576F8ED3A14}"
EndProject
Global
	GlobalSection(SolutionConfigurationPlatforms) = preSolution
		Debug|Any CPU = Debug|Any CPU
		Release|Any CPU = Release|Any CPU
	EndGlobalSection
	GlobalSection(ProjectConfigurationPlatforms) = postSolution
		{DDD57013-3F34-4488-B62B-A3CA9347DDFA}.Debug|Any CPU.ActiveCfg = Debug|Any CPU
		{DDD57013-3F34-4488-B62B-A3CA9347DDFA}.Debug|Any CPU.Build.0 = Debug|Any CPU
		{DDD57013-3F34-4488-B62B-A3CA9347DDFA}.Release|Any CPU.ActiveCfg = Release|Any CPU
		{DDD57013-3F34-4488-B62B-A3CA9347DDFA}.Release|Any CPU.Build.0 = Release|Any CPU
		{A455C3F9-5DD9-4629-A44F-A576F8ED3A14}.Debug|Any CPU.ActiveCfg = Debug|Any CPU
		{A455C3F9-5DD9-4629-A44F-A576F8ED3A14}.Debug|Any CPU.Build.0 = Debug|Any CPU
		{A455C3F9-5DD9-4629-A44F-A576F8ED3A14}.Release|Any CPU.ActiveCfg = Release|Any CPU
		{A455C3F9-5DD9-4629-A44F-A576F8ED3A14}.Release|Any CPU.Build.0 = Release|Any CPU
	EndGlobalSection
	GlobalSection(SolutionProperties) = preSolution
		HideSolutionNode = FALSE
	EndGlobalSection
	GlobalSection(ExtensibilityGlobals) = postSolution
		SolutionGuid = {E1B01301-5595-4F88-A562-DB93A99E774E}
	EndGlobalSection
EndGlobal
