
Microsoft Visual Studio Solution File, Format Version 12.00
# Visual Studio Version 16
VisualStudioVersion = 16.0.29503.13
MinimumVisualStudioVersion = 10.0.40219.1
Project("{888888A0-9F3D-457C-B088-3A5042F75D52}") = "DjangoWeb", "DjangoWeb\DjangoWeb.pyproj", "{2822FA95-5EF8-4E48-ADC8-A379ACA71824}"
EndProject
Global
	GlobalSection(SolutionConfigurationPlatforms) = preSolution
		Debug|Any CPU = Debug|Any CPU
		Release|Any CPU = Release|Any CPU
	EndGlobalSection
	GlobalSection(ProjectConfigurationPlatforms) = postSolution
		{2822FA95-5EF8-4E48-ADC8-A379ACA71824}.Debug|Any CPU.ActiveCfg = Debug|Any CPU
		{2822FA95-5EF8-4E48-ADC8-A379ACA71824}.Debug|Any CPU.Build.0 = Debug|Any CPU
		{2822FA95-5EF8-4E48-ADC8-A379ACA71824}.Release|Any CPU.ActiveCfg = Release|Any CPU
		{2822FA95-5EF8-4E48-ADC8-A379ACA71824}.Release|Any CPU.Build.0 = Release|Any CPU
	EndGlobalSection
	GlobalSection(SolutionProperties) = preSolution
		HideSolutionNode = FALSE
	EndGlobalSection
	GlobalSection(ExtensibilityGlobals) = postSolution
		SolutionGuid = {A668B30F-CD5F-48AA-AB80-143BAAD6F5E0}
	EndGlobalSection
EndGlobal
